
Microsoft Visual Studio Solution File, Format Version 12.00
# Visual Studio Version 17
VisualStudioVersion = 17.11.35312.102
MinimumVisualStudioVersion = 10.0.40219.1
Project("{2150E333-8FDC-42A3-9474-1A3956D46DE8}") = "Task0", "Task0", "{5181BD8A-8999-4C34-B84A-194A3E2D5C9E}"
EndProject
Project("{FAE04EC0-301F-11D3-BF4B-00C04F79EFBC}") = "Tyuiu.KhudiNA.Sprint0.Task0.V0", "Tyuiu.KhudiNA.Sprint0.Task0.V0\Tyuiu.KhudiNA.Sprint0.Task0.V0.csproj", "{59FEAF81-010E-4C7B-B6BD-3ACF547B67C5}"
EndProject
Project("{2150E333-8FDC-42A3-9474-1A3956D46DE8}") = "Task1", "Task1", "{E95284B6-E023-42D6-B043-725E65806393}"
EndProject
Project("{FAE04EC0-301F-11D3-BF4B-00C04F79EFBC}") = "Tyuiu.KhudiNA.Sprint0.Task1.V0", "Tyuiu.KhudiNA.Sprint0.Task1.V0\Tyuiu.KhudiNA.Sprint0.Task1.V0.csproj", "{7EA21903-6E2F-4A70-9D8E-AB4F3DCDFFA4}"
EndProject
Project("{2150E333-8FDC-42A3-9474-1A3956D46DE8}") = "Task2", "Task2", "{F2516412-358B-46CC-9C7F-48AE1422EB5C}"
EndProject
Project("{FAE04EC0-301F-11D3-BF4B-00C04F79EFBC}") = "Tyuiu.KhudiNA.Sprint0.Task2.V0", "Tyuiu.KhudiNA.Sprint0.Task2.V0\Tyuiu.KhudiNA.Sprint0.Task2.V0.csproj", "{A25C767A-9240-411C-9B94-29D0D5E216DB}"
EndProject
Project("{FAE04EC0-301F-11D3-BF4B-00C04F79EFBC}") = "Tyuiu.KhudiNA.Sprint0.Task2.V0.Lib", "Tyuiu.KhudiNA.Sprint0.Task2.V0.Lib\Tyuiu.KhudiNA.Sprint0.Task2.V0.Lib.csproj", "{28D2629F-36DF-4998-9590-AFE8BDCA878F}"
EndProject
Project("{FAE04EC0-301F-11D3-BF4B-00C04F79EFBC}") = "Tyuiu.KhudiNA.Sprint0.Task2.V0.Test", "Tyuiu.KhudiNA.Sprint0.Task2.V0.Test\Tyuiu.KhudiNA.Sprint0.Task2.V0.Test.csproj", "{0D9F1157-2BF5-4D92-9804-438D1B85B0CE}"
EndProject
Global
	GlobalSection(SolutionConfigurationPlatforms) = preSolution
		Debug|Any CPU = Debug|Any CPU
		Release|Any CPU = Release|Any CPU
	EndGlobalSection
	GlobalSection(ProjectConfigurationPlatforms) = postSolution
		{59FEAF81-010E-4C7B-B6BD-3ACF547B67C5}.Debug|Any CPU.ActiveCfg = Debug|Any CPU
		{59FEAF81-010E-4C7B-B6BD-3ACF547B67C5}.Debug|Any CPU.Build.0 = Debug|Any CPU
		{59FEAF81-010E-4C7B-B6BD-3ACF547B67C5}.Release|Any CPU.ActiveCfg = Release|Any CPU
		{59FEAF81-010E-4C7B-B6BD-3ACF547B67C5}.Release|Any CPU.Build.0 = Release|Any CPU
		{7EA21903-6E2F-4A70-9D8E-AB4F3DCDFFA4}.Debug|Any CPU.ActiveCfg = Debug|Any CPU
		{7EA21903-6E2F-4A70-9D8E-AB4F3DCDFFA4}.Debug|Any CPU.Build.0 = Debug|Any CPU
		{7EA21903-6E2F-4A70-9D8E-AB4F3DCDFFA4}.Release|Any CPU.ActiveCfg = Release|Any CPU
		{7EA21903-6E2F-4A70-9D8E-AB4F3DCDFFA4}.Release|Any CPU.Build.0 = Release|Any CPU
		{A25C767A-9240-411C-9B94-29D0D5E216DB}.Debug|Any CPU.ActiveCfg = Debug|Any CPU
		{A25C767A-9240-411C-9B94-29D0D5E216DB}.Debug|Any CPU.Build.0 = Debug|Any CPU
		{A25C767A-9240-411C-9B94-29D0D5E216DB}.Release|Any CPU.ActiveCfg = Release|Any CPU
		{A25C767A-9240-411C-9B94-29D0D5E216DB}.Release|Any CPU.Build.0 = Release|Any CPU
		{28D2629F-36DF-4998-9590-AFE8BDCA878F}.Debug|Any CPU.ActiveCfg = Debug|Any CPU
		{28D2629F-36DF-4998-9590-AFE8BDCA878F}.Debug|Any CPU.Build.0 = Debug|Any CPU
		{28D2629F-36DF-4998-9590-AFE8BDCA878F}.Release|Any CPU.ActiveCfg = Release|Any CPU
		{28D2629F-36DF-4998-9590-AFE8BDCA878F}.Release|Any CPU.Build.0 = Release|Any CPU
		{0D9F1157-2BF5-4D92-9804-438D1B85B0CE}.Debug|Any CPU.ActiveCfg = Debug|Any CPU
		{0D9F1157-2BF5-4D92-9804-438D1B85B0CE}.Debug|Any CPU.Build.0 = Debug|Any CPU
		{0D9F1157-2BF5-4D92-9804-438D1B85B0CE}.Release|Any CPU.ActiveCfg = Release|Any CPU
		{0D9F1157-2BF5-4D92-9804-438D1B85B0CE}.Release|Any CPU.Build.0 = Release|Any CPU
	EndGlobalSection
	GlobalSection(SolutionProperties) = preSolution
		HideSolutionNode = FALSE
	EndGlobalSection
	GlobalSection(NestedProjects) = preSolution
		{59FEAF81-010E-4C7B-B6BD-3ACF547B67C5} = {5181BD8A-8999-4C34-B84A-194A3E2D5C9E}
		{7EA21903-6E2F-4A70-9D8E-AB4F3DCDFFA4} = {E95284B6-E023-42D6-B043-725E65806393}
		{A25C767A-9240-411C-9B94-29D0D5E216DB} = {F2516412-358B-46CC-9C7F-48AE1422EB5C}
		{28D2629F-36DF-4998-9590-AFE8BDCA878F} = {F2516412-358B-46CC-9C7F-48AE1422EB5C}
		{0D9F1157-2BF5-4D92-9804-438D1B85B0CE} = {F2516412-358B-46CC-9C7F-48AE1422EB5C}
	EndGlobalSection
	GlobalSection(ExtensibilityGlobals) = postSolution
		SolutionGuid = {8BD47EF5-F664-4D65-BE05-3D2D72A38F3A}
	EndGlobalSection
EndGlobal
